
Microsoft Visual Studio Solution File, Format Version 12.00
# Visual Studio Version 17
VisualStudioVersion = 17.9.34701.34
MinimumVisualStudioVersion = 10.0.40219.1
Project("{FAE04EC0-301F-11D3-BF4B-00C04F79EFBC}") = "EasyAutoPCShutdown", "EasyAutoPCShutdown.csproj", "{069E358D-21F2-43B9-9404-0E13B6B59EE8}"
EndProject
Global
	GlobalSection(SolutionConfigurationPlatforms) = preSolution
		Debug|Any CPU = Debug|Any CPU
		Release|Any CPU = Release|Any CPU
	EndGlobalSection
	GlobalSection(ProjectConfigurationPlatforms) = postSolution
		{069E358D-21F2-43B9-9404-0E13B6B59EE8}.Debug|Any CPU.ActiveCfg = Debug|Any CPU
		{069E358D-21F2-43B9-9404-0E13B6B59EE8}.Debug|Any CPU.Build.0 = Debug|Any CPU
		{069E358D-21F2-43B9-9404-0E13B6B59EE8}.Release|Any CPU.ActiveCfg = Release|Any CPU
		{069E358D-21F2-43B9-9404-0E13B6B59EE8}.Release|Any CPU.Build.0 = Release|Any CPU
	EndGlobalSection
	GlobalSection(SolutionProperties) = preSolution
		HideSolutionNode = FALSE
	EndGlobalSection
	GlobalSection(ExtensibilityGlobals) = postSolution
		SolutionGuid = {ABF99F75-4903-471F-8E05-183322A2ADF5}
	EndGlobalSection
EndGlobal
